// !$*UTF8*$!
{
	archiveVersion = 1;
	classes = {
	};
	objectVersion = 50;
	objects = {

/* Begin PBXBuildFile section */
		0C263789228AC513001505AA /* AppDelegate.swift in Sources */ = {isa = PBXBuildFile; fileRef = 0C263788228AC513001505AA /* AppDelegate.swift */; };
		0C26378B228AC513001505AA /* HomeVC.swift in Sources */ = {isa = PBXBuildFile; fileRef = 0C26378A228AC513001505AA /* HomeVC.swift */; };
		0C263791228AC513001505AA /* DeliveryApp.xcdatamodeld in Sources */ = {isa = PBXBuildFile; fileRef = 0C26378F228AC513001505AA /* DeliveryApp.xcdatamodeld */; };
		0C263793228AC514001505AA /* Assets.xcassets in Resources */ = {isa = PBXBuildFile; fileRef = 0C263792228AC514001505AA /* Assets.xcassets */; };
		0C263796228AC514001505AA /* LaunchScreen.storyboard in Resources */ = {isa = PBXBuildFile; fileRef = 0C263794228AC514001505AA /* LaunchScreen.storyboard */; };
		0C2637B2228AD6B8001505AA /* ItemsCell.swift in Sources */ = {isa = PBXBuildFile; fileRef = 0C2637B1228AD6B8001505AA /* ItemsCell.swift */; };
		0C2637B6228B0C88001505AA /* ItemDetailsVC.swift in Sources */ = {isa = PBXBuildFile; fileRef = 0C2637B5228B0C88001505AA /* ItemDetailsVC.swift */; };
		0C2637B9228B4029001505AA /* ItemModel.swift in Sources */ = {isa = PBXBuildFile; fileRef = 0C2637B8228B4029001505AA /* ItemModel.swift */; };
		0C2637BD228B44EA001505AA /* LocationModel.swift in Sources */ = {isa = PBXBuildFile; fileRef = 0C2637BC228B44EA001505AA /* LocationModel.swift */; };
		0C2637BF228D355E001505AA /* CoreDataService.swift in Sources */ = {isa = PBXBuildFile; fileRef = 0C2637BE228D355E001505AA /* CoreDataService.swift */; };
		0C2637C1228D485E001505AA /* GoogleService-Info.plist in Resources */ = {isa = PBXBuildFile; fileRef = 0C2637C0228D485E001505AA /* GoogleService-Info.plist */; };
		0C2637C6228D5BCA001505AA /* .swiftlint.yml in Resources */ = {isa = PBXBuildFile; fileRef = 0C2637C5228D5BCA001505AA /* .swiftlint.yml */; };
		0C2637CC228DC858001505AA /* NavigationBarTheme.swift in Sources */ = {isa = PBXBuildFile; fileRef = 0C2637CB228DC858001505AA /* NavigationBarTheme.swift */; };
		0C2637CE228E8AB3001505AA /* Connectivity.swift in Sources */ = {isa = PBXBuildFile; fileRef = 0C2637CD228E8AB3001505AA /* Connectivity.swift */; };
		0C2637DE2292B43A001505AA /* XCStub.swift in Sources */ = {isa = PBXBuildFile; fileRef = 0C2637DD2292B43A001505AA /* XCStub.swift */; };
		0C2637E02292B4F6001505AA /* APIManagerTests.swift in Sources */ = {isa = PBXBuildFile; fileRef = 0C2637DF2292B4F6001505AA /* APIManagerTests.swift */; };
		0C2637E32292B79B001505AA /* MockItemsData_Invalid.json in Resources */ = {isa = PBXBuildFile; fileRef = 0C2637E12292B79B001505AA /* MockItemsData_Invalid.json */; };
		0C2637E42292B79B001505AA /* MockItemsData.json in Resources */ = {isa = PBXBuildFile; fileRef = 0C2637E22292B79B001505AA /* MockItemsData.json */; };
		0C2637E62292BC8C001505AA /* CoreDataTests.swift in Sources */ = {isa = PBXBuildFile; fileRef = 0C2637E52292BC8C001505AA /* CoreDataTests.swift */; };
		0C2637E922930E0D001505AA /* HomeVCTests.swift in Sources */ = {isa = PBXBuildFile; fileRef = 0C2637E822930E0D001505AA /* HomeVCTests.swift */; };
		0C2637F022930ED6001505AA /* ItemDetailsVCTests.swift in Sources */ = {isa = PBXBuildFile; fileRef = 0C2637EF22930ED6001505AA /* ItemDetailsVCTests.swift */; };
		0C2637F42293F296001505AA /* APIDataService.swift in Sources */ = {isa = PBXBuildFile; fileRef = 0C2637F32293F296001505AA /* APIDataService.swift */; };
		0C2637F62293F4A4001505AA /* Constants.swift in Sources */ = {isa = PBXBuildFile; fileRef = 0C2637F52293F4A4001505AA /* Constants.swift */; };
		0C2637F82293F587001505AA /* HomeVC+API.swift in Sources */ = {isa = PBXBuildFile; fileRef = 0C2637F72293F587001505AA /* HomeVC+API.swift */; };
		0C2637FA2293F59C001505AA /* HomeVC+CoreData.swift in Sources */ = {isa = PBXBuildFile; fileRef = 0C2637F92293F59C001505AA /* HomeVC+CoreData.swift */; };
		A2AE1CA0131DDA852060E5AB /* Pods_DeliveryApp.framework in Frameworks */ = {isa = PBXBuildFile; fileRef = 14A03E8F2DAE19CDFB6DAFDF /* Pods_DeliveryApp.framework */; };
		B5CDCA276E26237600F42DB8 /* Pods_DeliveryAppTests.framework in Frameworks */ = {isa = PBXBuildFile; fileRef = 00A5BA1A24F738407E96F3BB /* Pods_DeliveryAppTests.framework */; };
/* End PBXBuildFile section */

/* Begin PBXContainerItemProxy section */
		0C26379D228AC514001505AA /* PBXContainerItemProxy */ = {
			isa = PBXContainerItemProxy;
			containerPortal = 0C26377D228AC513001505AA /* Project object */;
			proxyType = 1;
			remoteGlobalIDString = 0C263784228AC513001505AA;
			remoteInfo = DeliveryApp;
		};
/* End PBXContainerItemProxy section */

/* Begin PBXFileReference section */
		00A5BA1A24F738407E96F3BB /* Pods_DeliveryAppTests.framework */ = {isa = PBXFileReference; explicitFileType = wrapper.framework; includeInIndex = 0; path = Pods_DeliveryAppTests.framework; sourceTree = BUILT_PRODUCTS_DIR; };
		0C263785228AC513001505AA /* DeliveryApp.app */ = {isa = PBXFileReference; explicitFileType = wrapper.application; includeInIndex = 0; path = DeliveryApp.app; sourceTree = BUILT_PRODUCTS_DIR; };
		0C263788228AC513001505AA /* AppDelegate.swift */ = {isa = PBXFileReference; lastKnownFileType = sourcecode.swift; path = AppDelegate.swift; sourceTree = "<group>"; };
		0C26378A228AC513001505AA /* HomeVC.swift */ = {isa = PBXFileReference; lastKnownFileType = sourcecode.swift; path = HomeVC.swift; sourceTree = "<group>"; };
		0C263790228AC513001505AA /* DeliveryApp.xcdatamodel */ = {isa = PBXFileReference; lastKnownFileType = wrapper.xcdatamodel; path = DeliveryApp.xcdatamodel; sourceTree = "<group>"; };
		0C263792228AC514001505AA /* Assets.xcassets */ = {isa = PBXFileReference; lastKnownFileType = folder.assetcatalog; path = Assets.xcassets; sourceTree = "<group>"; };
		0C263795228AC514001505AA /* Base */ = {isa = PBXFileReference; lastKnownFileType = file.storyboard; name = Base; path = Base.lproj/LaunchScreen.storyboard; sourceTree = "<group>"; };
		0C263797228AC514001505AA /* Info.plist */ = {isa = PBXFileReference; lastKnownFileType = text.plist.xml; path = Info.plist; sourceTree = "<group>"; };
		0C26379C228AC514001505AA /* DeliveryAppTests.xctest */ = {isa = PBXFileReference; explicitFileType = wrapper.cfbundle; includeInIndex = 0; path = DeliveryAppTests.xctest; sourceTree = BUILT_PRODUCTS_DIR; };
		0C2637A2228AC514001505AA /* Info.plist */ = {isa = PBXFileReference; lastKnownFileType = text.plist.xml; path = Info.plist; sourceTree = "<group>"; };
		0C2637B1228AD6B8001505AA /* ItemsCell.swift */ = {isa = PBXFileReference; lastKnownFileType = sourcecode.swift; path = ItemsCell.swift; sourceTree = "<group>"; };
		0C2637B5228B0C88001505AA /* ItemDetailsVC.swift */ = {isa = PBXFileReference; lastKnownFileType = sourcecode.swift; path = ItemDetailsVC.swift; sourceTree = "<group>"; };
		0C2637B8228B4029001505AA /* ItemModel.swift */ = {isa = PBXFileReference; lastKnownFileType = sourcecode.swift; path = ItemModel.swift; sourceTree = "<group>"; };
		0C2637BC228B44EA001505AA /* LocationModel.swift */ = {isa = PBXFileReference; lastKnownFileType = sourcecode.swift; path = LocationModel.swift; sourceTree = "<group>"; };
		0C2637BE228D355E001505AA /* CoreDataService.swift */ = {isa = PBXFileReference; lastKnownFileType = sourcecode.swift; path = CoreDataService.swift; sourceTree = "<group>"; };
		0C2637C0228D485E001505AA /* GoogleService-Info.plist */ = {isa = PBXFileReference; fileEncoding = 4; lastKnownFileType = text.plist.xml; path = "GoogleService-Info.plist"; sourceTree = "<group>"; };
		0C2637C5228D5BCA001505AA /* .swiftlint.yml */ = {isa = PBXFileReference; lastKnownFileType = text; path = .swiftlint.yml; sourceTree = "<group>"; };
		0C2637CB228DC858001505AA /* NavigationBarTheme.swift */ = {isa = PBXFileReference; lastKnownFileType = sourcecode.swift; path = NavigationBarTheme.swift; sourceTree = "<group>"; };
		0C2637CD228E8AB3001505AA /* Connectivity.swift */ = {isa = PBXFileReference; lastKnownFileType = sourcecode.swift; path = Connectivity.swift; sourceTree = "<group>"; };
		0C2637DD2292B43A001505AA /* XCStub.swift */ = {isa = PBXFileReference; fileEncoding = 4; lastKnownFileType = sourcecode.swift; path = XCStub.swift; sourceTree = "<group>"; };
		0C2637DF2292B4F6001505AA /* APIManagerTests.swift */ = {isa = PBXFileReference; fileEncoding = 4; lastKnownFileType = sourcecode.swift; path = APIManagerTests.swift; sourceTree = "<group>"; };
		0C2637E12292B79B001505AA /* MockItemsData_Invalid.json */ = {isa = PBXFileReference; fileEncoding = 4; lastKnownFileType = text.json; path = MockItemsData_Invalid.json; sourceTree = "<group>"; };
		0C2637E22292B79B001505AA /* MockItemsData.json */ = {isa = PBXFileReference; fileEncoding = 4; lastKnownFileType = text.json; path = MockItemsData.json; sourceTree = "<group>"; };
		0C2637E52292BC8C001505AA /* CoreDataTests.swift */ = {isa = PBXFileReference; lastKnownFileType = sourcecode.swift; path = CoreDataTests.swift; sourceTree = "<group>"; };
		0C2637E822930E0D001505AA /* HomeVCTests.swift */ = {isa = PBXFileReference; lastKnownFileType = sourcecode.swift; path = HomeVCTests.swift; sourceTree = "<group>"; };
		0C2637EF22930ED6001505AA /* ItemDetailsVCTests.swift */ = {isa = PBXFileReference; lastKnownFileType = sourcecode.swift; path = ItemDetailsVCTests.swift; sourceTree = "<group>"; };
		0C2637F32293F296001505AA /* APIDataService.swift */ = {isa = PBXFileReference; lastKnownFileType = sourcecode.swift; path = APIDataService.swift; sourceTree = "<group>"; };
		0C2637F52293F4A4001505AA /* Constants.swift */ = {isa = PBXFileReference; lastKnownFileType = sourcecode.swift; path = Constants.swift; sourceTree = "<group>"; };
		0C2637F72293F587001505AA /* HomeVC+API.swift */ = {isa = PBXFileReference; lastKnownFileType = sourcecode.swift; path = "HomeVC+API.swift"; sourceTree = "<group>"; };
		0C2637F92293F59C001505AA /* HomeVC+CoreData.swift */ = {isa = PBXFileReference; lastKnownFileType = sourcecode.swift; path = "HomeVC+CoreData.swift"; sourceTree = "<group>"; };
		14A03E8F2DAE19CDFB6DAFDF /* Pods_DeliveryApp.framework */ = {isa = PBXFileReference; explicitFileType = wrapper.framework; includeInIndex = 0; path = Pods_DeliveryApp.framework; sourceTree = BUILT_PRODUCTS_DIR; };
		590CD1430912CD72F1E85736 /* Pods-DeliveryApp.debug.xcconfig */ = {isa = PBXFileReference; includeInIndex = 1; lastKnownFileType = text.xcconfig; name = "Pods-DeliveryApp.debug.xcconfig"; path = "Target Support Files/Pods-DeliveryApp/Pods-DeliveryApp.debug.xcconfig"; sourceTree = "<group>"; };
		CEB0E4CC73FABBCAF776EA79 /* Pods-DeliveryApp.release.xcconfig */ = {isa = PBXFileReference; includeInIndex = 1; lastKnownFileType = text.xcconfig; name = "Pods-DeliveryApp.release.xcconfig"; path = "Target Support Files/Pods-DeliveryApp/Pods-DeliveryApp.release.xcconfig"; sourceTree = "<group>"; };
		DDACBC26F2A98E764897F893 /* Pods-DeliveryAppTests.debug.xcconfig */ = {isa = PBXFileReference; includeInIndex = 1; lastKnownFileType = text.xcconfig; name = "Pods-DeliveryAppTests.debug.xcconfig"; path = "Target Support Files/Pods-DeliveryAppTests/Pods-DeliveryAppTests.debug.xcconfig"; sourceTree = "<group>"; };
		F7588705A8F7054D62586CE5 /* Pods-DeliveryAppTests.release.xcconfig */ = {isa = PBXFileReference; includeInIndex = 1; lastKnownFileType = text.xcconfig; name = "Pods-DeliveryAppTests.release.xcconfig"; path = "Target Support Files/Pods-DeliveryAppTests/Pods-DeliveryAppTests.release.xcconfig"; sourceTree = "<group>"; };
/* End PBXFileReference section */

/* Begin PBXFrameworksBuildPhase section */
		0C263782228AC513001505AA /* Frameworks */ = {
			isa = PBXFrameworksBuildPhase;
			buildActionMask = 2147483647;
			files = (
				A2AE1CA0131DDA852060E5AB /* Pods_DeliveryApp.framework in Frameworks */,
			);
			runOnlyForDeploymentPostprocessing = 0;
		};
		0C263799228AC514001505AA /* Frameworks */ = {
			isa = PBXFrameworksBuildPhase;
			buildActionMask = 2147483647;
			files = (
				B5CDCA276E26237600F42DB8 /* Pods_DeliveryAppTests.framework in Frameworks */,
			);
			runOnlyForDeploymentPostprocessing = 0;
		};
/* End PBXFrameworksBuildPhase section */

/* Begin PBXGroup section */
		0C26377C228AC513001505AA = {
			isa = PBXGroup;
			children = (
				0C2637C5228D5BCA001505AA /* .swiftlint.yml */,
				0C263787228AC513001505AA /* DeliveryApp */,
				0C26379F228AC514001505AA /* DeliveryAppTests */,
				0C263786228AC513001505AA /* Products */,
				201802C2F8179577B62904BD /* Pods */,
				C2E9B19D3150DF886364D498 /* Frameworks */,
			);
			sourceTree = "<group>";
		};
		0C263786228AC513001505AA /* Products */ = {
			isa = PBXGroup;
			children = (
				0C263785228AC513001505AA /* DeliveryApp.app */,
				0C26379C228AC514001505AA /* DeliveryAppTests.xctest */,
			);
			name = Products;
			sourceTree = "<group>";
		};
		0C263787228AC513001505AA /* DeliveryApp */ = {
			isa = PBXGroup;
			children = (
				0C2637CA228DC7A2001505AA /* Helper */,
				0C2637C9228D7D6C001505AA /* Shared */,
				0C2637C8228D7D42001505AA /* Configuration */,
				0C2637B7228B4012001505AA /* Model */,
				0C2637AD228AC89A001505AA /* Controller */,
				0C2637AB228AC889001505AA /* View */,
				0C2637AE228AD0EA001505AA /* Service */,
				0C2637C7228D7D10001505AA /* Resource */,
			);
			path = DeliveryApp;
			sourceTree = "<group>";
		};
		0C26379F228AC514001505AA /* DeliveryAppTests */ = {
			isa = PBXGroup;
			children = (
				0C2637EC22930E73001505AA /* Configuration */,
				0C2637EB22930E59001505AA /* Data */,
				0C2637EA22930E37001505AA /* Controller */,
				0C2637E72292C9C1001505AA /* Resource */,
			);
			path = DeliveryAppTests;
			sourceTree = "<group>";
		};
		0C2637AB228AC889001505AA /* View */ = {
			isa = PBXGroup;
			children = (
				0C2637B1228AD6B8001505AA /* ItemsCell.swift */,
			);
			path = View;
			sourceTree = "<group>";
		};
		0C2637AD228AC89A001505AA /* Controller */ = {
			isa = PBXGroup;
			children = (
				0C26378A228AC513001505AA /* HomeVC.swift */,
				0C2637F72293F587001505AA /* HomeVC+API.swift */,
				0C2637F92293F59C001505AA /* HomeVC+CoreData.swift */,
				0C2637B5228B0C88001505AA /* ItemDetailsVC.swift */,
			);
			path = Controller;
			sourceTree = "<group>";
		};
		0C2637AE228AD0EA001505AA /* Service */ = {
			isa = PBXGroup;
			children = (
				0C2637BE228D355E001505AA /* CoreDataService.swift */,
				0C2637F32293F296001505AA /* APIDataService.swift */,
			);
			path = Service;
			sourceTree = "<group>";
		};
		0C2637B7228B4012001505AA /* Model */ = {
			isa = PBXGroup;
			children = (
				0C2637B8228B4029001505AA /* ItemModel.swift */,
				0C2637BC228B44EA001505AA /* LocationModel.swift */,
			);
			path = Model;
			sourceTree = "<group>";
		};
		0C2637C7228D7D10001505AA /* Resource */ = {
			isa = PBXGroup;
			children = (
				0C263792228AC514001505AA /* Assets.xcassets */,
				0C26378F228AC513001505AA /* DeliveryApp.xcdatamodeld */,
				0C263794228AC514001505AA /* LaunchScreen.storyboard */,
			);
			path = Resource;
			sourceTree = "<group>";
		};
		0C2637C8228D7D42001505AA /* Configuration */ = {
			isa = PBXGroup;
			children = (
				0C263797228AC514001505AA /* Info.plist */,
				0C2637C0228D485E001505AA /* GoogleService-Info.plist */,
			);
			path = Configuration;
			sourceTree = "<group>";
		};
		0C2637C9228D7D6C001505AA /* Shared */ = {
			isa = PBXGroup;
			children = (
				0C263788228AC513001505AA /* AppDelegate.swift */,
				0C2637F52293F4A4001505AA /* Constants.swift */,
			);
			path = Shared;
			sourceTree = "<group>";
		};
		0C2637CA228DC7A2001505AA /* Helper */ = {
			isa = PBXGroup;
			children = (
				0C2637CB228DC858001505AA /* NavigationBarTheme.swift */,
				0C2637CD228E8AB3001505AA /* Connectivity.swift */,
			);
			path = Helper;
			sourceTree = "<group>";
		};
		0C2637E72292C9C1001505AA /* Resource */ = {
			isa = PBXGroup;
			children = (
				0C2637E12292B79B001505AA /* MockItemsData_Invalid.json */,
				0C2637E22292B79B001505AA /* MockItemsData.json */,
			);
			path = Resource;
			sourceTree = "<group>";
		};
		0C2637EA22930E37001505AA /* Controller */ = {
			isa = PBXGroup;
			children = (
				0C2637E822930E0D001505AA /* HomeVCTests.swift */,
				0C2637EF22930ED6001505AA /* ItemDetailsVCTests.swift */,
			);
			path = Controller;
			sourceTree = "<group>";
		};
		0C2637EB22930E59001505AA /* Data */ = {
			isa = PBXGroup;
			children = (
				0C2637DD2292B43A001505AA /* XCStub.swift */,
				0C2637DF2292B4F6001505AA /* APIManagerTests.swift */,
				0C2637E52292BC8C001505AA /* CoreDataTests.swift */,
			);
			path = Data;
			sourceTree = "<group>";
		};
		0C2637EC22930E73001505AA /* Configuration */ = {
			isa = PBXGroup;
			children = (
				0C2637A2228AC514001505AA /* Info.plist */,
			);
			path = Configuration;
			sourceTree = "<group>";
		};
		201802C2F8179577B62904BD /* Pods */ = {
			isa = PBXGroup;
			children = (
				590CD1430912CD72F1E85736 /* Pods-DeliveryApp.debug.xcconfig */,
				CEB0E4CC73FABBCAF776EA79 /* Pods-DeliveryApp.release.xcconfig */,
				DDACBC26F2A98E764897F893 /* Pods-DeliveryAppTests.debug.xcconfig */,
				F7588705A8F7054D62586CE5 /* Pods-DeliveryAppTests.release.xcconfig */,
			);
			path = Pods;
			sourceTree = "<group>";
		};
		C2E9B19D3150DF886364D498 /* Frameworks */ = {
			isa = PBXGroup;
			children = (
				14A03E8F2DAE19CDFB6DAFDF /* Pods_DeliveryApp.framework */,
				00A5BA1A24F738407E96F3BB /* Pods_DeliveryAppTests.framework */,
			);
			name = Frameworks;
			sourceTree = "<group>";
		};
/* End PBXGroup section */

/* Begin PBXNativeTarget section */
		0C263784228AC513001505AA /* DeliveryApp */ = {
			isa = PBXNativeTarget;
			buildConfigurationList = 0C2637A5228AC514001505AA /* Build configuration list for PBXNativeTarget "DeliveryApp" */;
			buildPhases = (
				A0E9511561A619F8A91BACB8 /* [CP] Check Pods Manifest.lock */,
				0C263781228AC513001505AA /* Sources */,
				0C263782228AC513001505AA /* Frameworks */,
				0C263783228AC513001505AA /* Resources */,
				2344E0A2940CFF08795E1EA6 /* [CP] Embed Pods Frameworks */,
				ACFBF643D741B2FBC1B535F1 /* [CP] Copy Pods Resources */,
				0C2637C2228D4B2A001505AA /* ShellScript */,
			);
			buildRules = (
			);
			dependencies = (
			);
			name = DeliveryApp;
			productName = DeliveryApp;
			productReference = 0C263785228AC513001505AA /* DeliveryApp.app */;
			productType = "com.apple.product-type.application";
		};
		0C26379B228AC514001505AA /* DeliveryAppTests */ = {
			isa = PBXNativeTarget;
			buildConfigurationList = 0C2637A8228AC514001505AA /* Build configuration list for PBXNativeTarget "DeliveryAppTests" */;
			buildPhases = (
				9AE9B17C16F60E0C687B30C1 /* [CP] Check Pods Manifest.lock */,
				0C263798228AC514001505AA /* Sources */,
				0C263799228AC514001505AA /* Frameworks */,
				0C26379A228AC514001505AA /* Resources */,
			);
			buildRules = (
			);
			dependencies = (
				0C26379E228AC514001505AA /* PBXTargetDependency */,
			);
			name = DeliveryAppTests;
			productName = DeliveryAppTests;
			productReference = 0C26379C228AC514001505AA /* DeliveryAppTests.xctest */;
			productType = "com.apple.product-type.bundle.unit-test";
		};
/* End PBXNativeTarget section */

/* Begin PBXProject section */
		0C26377D228AC513001505AA /* Project object */ = {
			isa = PBXProject;
			attributes = {
				LastSwiftUpdateCheck = 1020;
				LastUpgradeCheck = 1020;
				ORGANIZATIONNAME = Kunal;
				TargetAttributes = {
					0C263784228AC513001505AA = {
						CreatedOnToolsVersion = 10.2.1;
					};
					0C26379B228AC514001505AA = {
						CreatedOnToolsVersion = 10.2.1;
						TestTargetID = 0C263784228AC513001505AA;
					};
				};
			};
			buildConfigurationList = 0C263780228AC513001505AA /* Build configuration list for PBXProject "DeliveryApp" */;
			compatibilityVersion = "Xcode 9.3";
			developmentRegion = en;
			hasScannedForEncodings = 0;
			knownRegions = (
				en,
				Base,
			);
			mainGroup = 0C26377C228AC513001505AA;
			productRefGroup = 0C263786228AC513001505AA /* Products */;
			projectDirPath = "";
			projectRoot = "";
			targets = (
				0C263784228AC513001505AA /* DeliveryApp */,
				0C26379B228AC514001505AA /* DeliveryAppTests */,
			);
		};
/* End PBXProject section */

/* Begin PBXResourcesBuildPhase section */
		0C263783228AC513001505AA /* Resources */ = {
			isa = PBXResourcesBuildPhase;
			buildActionMask = 2147483647;
			files = (
				0C2637C6228D5BCA001505AA /* .swiftlint.yml in Resources */,
				0C263796228AC514001505AA /* LaunchScreen.storyboard in Resources */,
				0C2637C1228D485E001505AA /* GoogleService-Info.plist in Resources */,
				0C263793228AC514001505AA /* Assets.xcassets in Resources */,
			);
			runOnlyForDeploymentPostprocessing = 0;
		};
		0C26379A228AC514001505AA /* Resources */ = {
			isa = PBXResourcesBuildPhase;
			buildActionMask = 2147483647;
			files = (
				0C2637E42292B79B001505AA /* MockItemsData.json in Resources */,
				0C2637E32292B79B001505AA /* MockItemsData_Invalid.json in Resources */,
			);
			runOnlyForDeploymentPostprocessing = 0;
		};
/* End PBXResourcesBuildPhase section */

/* Begin PBXShellScriptBuildPhase section */
		0C2637C2228D4B2A001505AA /* ShellScript */ = {
			isa = PBXShellScriptBuildPhase;
			buildActionMask = 2147483647;
			files = (
			);
			inputFileListPaths = (
			);
			inputPaths = (
				"$(SRCROOT)/$(BUILT_PRODUCTS_DIR)/$(INFOPLIST_PATH)",
			);
			outputFileListPaths = (
			);
			outputPaths = (
			);
			runOnlyForDeploymentPostprocessing = 0;
			shellPath = /bin/sh;
			shellScript = "# Type a script or drag a script file from your workspace to insert its path.\n\"${PODS_ROOT}/Fabric/run\" e7e54862b6c12be87393d5da14fb79513ef56fa1 fa5b4e170ede912da34c9a6a0a4e03753b40a42d2f0968f5004543fceeb0155d\n\nif which swiftlint >/dev/null; then\nswiftlint\nelse\necho \"warning: SwiftLint not installed, download from https://github.com/realm/SwiftLint\"\nfi\n";
		};
		2344E0A2940CFF08795E1EA6 /* [CP] Embed Pods Frameworks */ = {
			isa = PBXShellScriptBuildPhase;
			buildActionMask = 2147483647;
			files = (
			);
			inputFileListPaths = (
			);
			inputPaths = (
				"${PODS_ROOT}/Target Support Files/Pods-DeliveryApp/Pods-DeliveryApp-frameworks.sh",
				"${BUILT_PRODUCTS_DIR}/Alamofire/Alamofire.framework",
				"${BUILT_PRODUCTS_DIR}/AlamofireImage/AlamofireImage.framework",
				"${BUILT_PRODUCTS_DIR}/GoogleUtilities/GoogleUtilities.framework",
				"${BUILT_PRODUCTS_DIR}/OHHTTPStubs/OHHTTPStubs.framework",
				"${BUILT_PRODUCTS_DIR}/ObjectMapper/ObjectMapper.framework",
				"${BUILT_PRODUCTS_DIR}/nanopb/nanopb.framework",
			);
			name = "[CP] Embed Pods Frameworks";
			outputFileListPaths = (
			);
			outputPaths = (
				"${TARGET_BUILD_DIR}/${FRAMEWORKS_FOLDER_PATH}/Alamofire.framework",
				"${TARGET_BUILD_DIR}/${FRAMEWORKS_FOLDER_PATH}/AlamofireImage.framework",
				"${TARGET_BUILD_DIR}/${FRAMEWORKS_FOLDER_PATH}/GoogleUtilities.framework",
				"${TARGET_BUILD_DIR}/${FRAMEWORKS_FOLDER_PATH}/OHHTTPStubs.framework",
				"${TARGET_BUILD_DIR}/${FRAMEWORKS_FOLDER_PATH}/ObjectMapper.framework",
				"${TARGET_BUILD_DIR}/${FRAMEWORKS_FOLDER_PATH}/nanopb.framework",
			);
			runOnlyForDeploymentPostprocessing = 0;
			shellPath = /bin/sh;
			shellScript = "\"${PODS_ROOT}/Target Support Files/Pods-DeliveryApp/Pods-DeliveryApp-frameworks.sh\"\n";
			showEnvVarsInLog = 0;
		};
		9AE9B17C16F60E0C687B30C1 /* [CP] Check Pods Manifest.lock */ = {
			isa = PBXShellScriptBuildPhase;
			buildActionMask = 2147483647;
			files = (
			);
			inputFileListPaths = (
			);
			inputPaths = (
				"${PODS_PODFILE_DIR_PATH}/Podfile.lock",
				"${PODS_ROOT}/Manifest.lock",
			);
			name = "[CP] Check Pods Manifest.lock";
			outputFileListPaths = (
			);
			outputPaths = (
				"$(DERIVED_FILE_DIR)/Pods-DeliveryAppTests-checkManifestLockResult.txt",
			);
			runOnlyForDeploymentPostprocessing = 0;
			shellPath = /bin/sh;
			shellScript = "diff \"${PODS_PODFILE_DIR_PATH}/Podfile.lock\" \"${PODS_ROOT}/Manifest.lock\" > /dev/null\nif [ $? != 0 ] ; then\n    # print error to STDERR\n    echo \"error: The sandbox is not in sync with the Podfile.lock. Run 'pod install' or update your CocoaPods installation.\" >&2\n    exit 1\nfi\n# This output is used by Xcode 'outputs' to avoid re-running this script phase.\necho \"SUCCESS\" > \"${SCRIPT_OUTPUT_FILE_0}\"\n";
			showEnvVarsInLog = 0;
		};
		A0E9511561A619F8A91BACB8 /* [CP] Check Pods Manifest.lock */ = {
			isa = PBXShellScriptBuildPhase;
			buildActionMask = 2147483647;
			files = (
			);
			inputFileListPaths = (
			);
			inputPaths = (
				"${PODS_PODFILE_DIR_PATH}/Podfile.lock",
				"${PODS_ROOT}/Manifest.lock",
			);
			name = "[CP] Check Pods Manifest.lock";
			outputFileListPaths = (
			);
			outputPaths = (
				"$(DERIVED_FILE_DIR)/Pods-DeliveryApp-checkManifestLockResult.txt",
			);
			runOnlyForDeploymentPostprocessing = 0;
			shellPath = /bin/sh;
			shellScript = "diff \"${PODS_PODFILE_DIR_PATH}/Podfile.lock\" \"${PODS_ROOT}/Manifest.lock\" > /dev/null\nif [ $? != 0 ] ; then\n    # print error to STDERR\n    echo \"error: The sandbox is not in sync with the Podfile.lock. Run 'pod install' or update your CocoaPods installation.\" >&2\n    exit 1\nfi\n# This output is used by Xcode 'outputs' to avoid re-running this script phase.\necho \"SUCCESS\" > \"${SCRIPT_OUTPUT_FILE_0}\"\n";
			showEnvVarsInLog = 0;
		};
		ACFBF643D741B2FBC1B535F1 /* [CP] Copy Pods Resources */ = {
			isa = PBXShellScriptBuildPhase;
			buildActionMask = 2147483647;
			files = (
			);
			inputFileListPaths = (
			);
			inputPaths = (
				"${PODS_ROOT}/Target Support Files/Pods-DeliveryApp/Pods-DeliveryApp-resources.sh",
				"${PODS_ROOT}/GoogleMaps/Maps/Frameworks/GoogleMaps.framework/Resources/GoogleMaps.bundle",
			);
			name = "[CP] Copy Pods Resources";
			outputFileListPaths = (
			);
			outputPaths = (
				"${TARGET_BUILD_DIR}/${UNLOCALIZED_RESOURCES_FOLDER_PATH}/GoogleMaps.bundle",
			);
			runOnlyForDeploymentPostprocessing = 0;
			shellPath = /bin/sh;
			shellScript = "\"${PODS_ROOT}/Target Support Files/Pods-DeliveryApp/Pods-DeliveryApp-resources.sh\"\n";
			showEnvVarsInLog = 0;
		};
/* End PBXShellScriptBuildPhase section */

/* Begin PBXSourcesBuildPhase section */
		0C263781228AC513001505AA /* Sources */ = {
			isa = PBXSourcesBuildPhase;
			buildActionMask = 2147483647;
			files = (
				0C2637BD228B44EA001505AA /* LocationModel.swift in Sources */,
				0C2637B6228B0C88001505AA /* ItemDetailsVC.swift in Sources */,
				0C26378B228AC513001505AA /* HomeVC.swift in Sources */,
				0C2637F42293F296001505AA /* APIDataService.swift in Sources */,
				0C2637F82293F587001505AA /* HomeVC+API.swift in Sources */,
				0C2637B2228AD6B8001505AA /* ItemsCell.swift in Sources */,
				0C2637FA2293F59C001505AA /* HomeVC+CoreData.swift in Sources */,
				0C263791228AC513001505AA /* DeliveryApp.xcdatamodeld in Sources */,
				0C263789228AC513001505AA /* AppDelegate.swift in Sources */,
				0C2637B9228B4029001505AA /* ItemModel.swift in Sources */,
				0C2637CE228E8AB3001505AA /* Connectivity.swift in Sources */,
				0C2637CC228DC858001505AA /* NavigationBarTheme.swift in Sources */,
				0C2637BF228D355E001505AA /* CoreDataService.swift in Sources */,
				0C2637F62293F4A4001505AA /* Constants.swift in Sources */,
			);
			runOnlyForDeploymentPostprocessing = 0;
		};
		0C263798228AC514001505AA /* Sources */ = {
			isa = PBXSourcesBuildPhase;
			buildActionMask = 2147483647;
			files = (
				0C2637E62292BC8C001505AA /* CoreDataTests.swift in Sources */,
				0C2637E922930E0D001505AA /* HomeVCTests.swift in Sources */,
				0C2637DE2292B43A001505AA /* XCStub.swift in Sources */,
				0C2637E02292B4F6001505AA /* APIManagerTests.swift in Sources */,
				0C2637F022930ED6001505AA /* ItemDetailsVCTests.swift in Sources */,
			);
			runOnlyForDeploymentPostprocessing = 0;
		};
/* End PBXSourcesBuildPhase section */

/* Begin PBXTargetDependency section */
		0C26379E228AC514001505AA /* PBXTargetDependency */ = {
			isa = PBXTargetDependency;
			target = 0C263784228AC513001505AA /* DeliveryApp */;
			targetProxy = 0C26379D228AC514001505AA /* PBXContainerItemProxy */;
		};
/* End PBXTargetDependency section */

/* Begin PBXVariantGroup section */
		0C263794228AC514001505AA /* LaunchScreen.storyboard */ = {
			isa = PBXVariantGroup;
			children = (
				0C263795228AC514001505AA /* Base */,
			);
			name = LaunchScreen.storyboard;
			sourceTree = "<group>";
		};
/* End PBXVariantGroup section */

/* Begin XCBuildConfiguration section */
		0C2637A3228AC514001505AA /* Debug */ = {
			isa = XCBuildConfiguration;
			buildSettings = {
				ALWAYS_SEARCH_USER_PATHS = NO;
				CLANG_ANALYZER_NONNULL = YES;
				CLANG_ANALYZER_NUMBER_OBJECT_CONVERSION = YES_AGGRESSIVE;
				CLANG_CXX_LANGUAGE_STANDARD = "gnu++14";
				CLANG_CXX_LIBRARY = "libc++";
				CLANG_ENABLE_MODULES = YES;
				CLANG_ENABLE_OBJC_ARC = YES;
				CLANG_ENABLE_OBJC_WEAK = YES;
				CLANG_WARN_BLOCK_CAPTURE_AUTORELEASING = YES;
				CLANG_WARN_BOOL_CONVERSION = YES;
				CLANG_WARN_COMMA = YES;
				CLANG_WARN_CONSTANT_CONVERSION = YES;
				CLANG_WARN_DEPRECATED_OBJC_IMPLEMENTATIONS = YES;
				CLANG_WARN_DIRECT_OBJC_ISA_USAGE = YES_ERROR;
				CLANG_WARN_DOCUMENTATION_COMMENTS = YES;
				CLANG_WARN_EMPTY_BODY = YES;
				CLANG_WARN_ENUM_CONVERSION = YES;
				CLANG_WARN_INFINITE_RECURSION = YES;
				CLANG_WARN_INT_CONVERSION = YES;
				CLANG_WARN_NON_LITERAL_NULL_CONVERSION = YES;
				CLANG_WARN_OBJC_IMPLICIT_RETAIN_SELF = YES;
				CLANG_WARN_OBJC_LITERAL_CONVERSION = YES;
				CLANG_WARN_OBJC_ROOT_CLASS = YES_ERROR;
				CLANG_WARN_RANGE_LOOP_ANALYSIS = YES;
				CLANG_WARN_STRICT_PROTOTYPES = YES;
				CLANG_WARN_SUSPICIOUS_MOVE = YES;
				CLANG_WARN_UNGUARDED_AVAILABILITY = YES_AGGRESSIVE;
				CLANG_WARN_UNREACHABLE_CODE = YES;
				CLANG_WARN__DUPLICATE_METHOD_MATCH = YES;
				CODE_SIGN_IDENTITY = "iPhone Developer";
				COPY_PHASE_STRIP = NO;
				DEBUG_INFORMATION_FORMAT = "dwarf-with-dsym";
				ENABLE_STRICT_OBJC_MSGSEND = YES;
				ENABLE_TESTABILITY = YES;
				GCC_C_LANGUAGE_STANDARD = gnu11;
				GCC_DYNAMIC_NO_PIC = NO;
				GCC_NO_COMMON_BLOCKS = YES;
				GCC_OPTIMIZATION_LEVEL = 0;
				GCC_PREPROCESSOR_DEFINITIONS = (
					"DEBUG=1",
					"$(inherited)",
				);
				GCC_WARN_64_TO_32_BIT_CONVERSION = YES;
				GCC_WARN_ABOUT_RETURN_TYPE = YES_ERROR;
				GCC_WARN_UNDECLARED_SELECTOR = YES;
				GCC_WARN_UNINITIALIZED_AUTOS = YES_AGGRESSIVE;
				GCC_WARN_UNUSED_FUNCTION = YES;
				GCC_WARN_UNUSED_VARIABLE = YES;
				IPHONEOS_DEPLOYMENT_TARGET = 12.2;
				MTL_ENABLE_DEBUG_INFO = INCLUDE_SOURCE;
				MTL_FAST_MATH = YES;
				ONLY_ACTIVE_ARCH = YES;
				SDKROOT = iphoneos;
				SWIFT_ACTIVE_COMPILATION_CONDITIONS = DEBUG;
				SWIFT_OPTIMIZATION_LEVEL = "-Onone";
			};
			name = Debug;
		};
		0C2637A4228AC514001505AA /* Release */ = {
			isa = XCBuildConfiguration;
			buildSettings = {
				ALWAYS_SEARCH_USER_PATHS = NO;
				CLANG_ANALYZER_NONNULL = YES;
				CLANG_ANALYZER_NUMBER_OBJECT_CONVERSION = YES_AGGRESSIVE;
				CLANG_CXX_LANGUAGE_STANDARD = "gnu++14";
				CLANG_CXX_LIBRARY = "libc++";
				CLANG_ENABLE_MODULES = YES;
				CLANG_ENABLE_OBJC_ARC = YES;
				CLANG_ENABLE_OBJC_WEAK = YES;
				CLANG_WARN_BLOCK_CAPTURE_AUTORELEASING = YES;
				CLANG_WARN_BOOL_CONVERSION = YES;
				CLANG_WARN_COMMA = YES;
				CLANG_WARN_CONSTANT_CONVERSION = YES;
				CLANG_WARN_DEPRECATED_OBJC_IMPLEMENTATIONS = YES;
				CLANG_WARN_DIRECT_OBJC_ISA_USAGE = YES_ERROR;
				CLANG_WARN_DOCUMENTATION_COMMENTS = YES;
				CLANG_WARN_EMPTY_BODY = YES;
				CLANG_WARN_ENUM_CONVERSION = YES;
				CLANG_WARN_INFINITE_RECURSION = YES;
				CLANG_WARN_INT_CONVERSION = YES;
				CLANG_WARN_NON_LITERAL_NULL_CONVERSION = YES;
				CLANG_WARN_OBJC_IMPLICIT_RETAIN_SELF = YES;
				CLANG_WARN_OBJC_LITERAL_CONVERSION = YES;
				CLANG_WARN_OBJC_ROOT_CLASS = YES_ERROR;
				CLANG_WARN_RANGE_LOOP_ANALYSIS = YES;
				CLANG_WARN_STRICT_PROTOTYPES = YES;
				CLANG_WARN_SUSPICIOUS_MOVE = YES;
				CLANG_WARN_UNGUARDED_AVAILABILITY = YES_AGGRESSIVE;
				CLANG_WARN_UNREACHABLE_CODE = YES;
				CLANG_WARN__DUPLICATE_METHOD_MATCH = YES;
				CODE_SIGN_IDENTITY = "iPhone Developer";
				COPY_PHASE_STRIP = NO;
				DEBUG_INFORMATION_FORMAT = "dwarf-with-dsym";
				ENABLE_NS_ASSERTIONS = NO;
				ENABLE_STRICT_OBJC_MSGSEND = YES;
				GCC_C_LANGUAGE_STANDARD = gnu11;
				GCC_NO_COMMON_BLOCKS = YES;
				GCC_WARN_64_TO_32_BIT_CONVERSION = YES;
				GCC_WARN_ABOUT_RETURN_TYPE = YES_ERROR;
				GCC_WARN_UNDECLARED_SELECTOR = YES;
				GCC_WARN_UNINITIALIZED_AUTOS = YES_AGGRESSIVE;
				GCC_WARN_UNUSED_FUNCTION = YES;
				GCC_WARN_UNUSED_VARIABLE = YES;
				IPHONEOS_DEPLOYMENT_TARGET = 12.2;
				MTL_ENABLE_DEBUG_INFO = NO;
				MTL_FAST_MATH = YES;
				SDKROOT = iphoneos;
				SWIFT_COMPILATION_MODE = wholemodule;
				SWIFT_OPTIMIZATION_LEVEL = "-O";
				VALIDATE_PRODUCT = YES;
			};
			name = Release;
		};
		0C2637A6228AC514001505AA /* Debug */ = {
			isa = XCBuildConfiguration;
			baseConfigurationReference = 590CD1430912CD72F1E85736 /* Pods-DeliveryApp.debug.xcconfig */;
			buildSettings = {
				ASSETCATALOG_COMPILER_APPICON_NAME = AppIcon;
				CODE_SIGN_STYLE = Automatic;
				INFOPLIST_FILE = "$(SRCROOT)/DeliveryApp/Configuration/Info.plist";
				LD_RUNPATH_SEARCH_PATHS = (
					"$(inherited)",
					"@executable_path/Frameworks",
				);
				PRODUCT_BUNDLE_IDENTIFIER = com.kunal.DeliveryApp;
				PRODUCT_NAME = "$(TARGET_NAME)";
				SWIFT_VERSION = 5.0;
				TARGETED_DEVICE_FAMILY = 1;
			};
			name = Debug;
		};
		0C2637A7228AC514001505AA /* Release */ = {
			isa = XCBuildConfiguration;
			baseConfigurationReference = CEB0E4CC73FABBCAF776EA79 /* Pods-DeliveryApp.release.xcconfig */;
			buildSettings = {
				ASSETCATALOG_COMPILER_APPICON_NAME = AppIcon;
				CODE_SIGN_STYLE = Automatic;
				INFOPLIST_FILE = "$(SRCROOT)/DeliveryApp/Configuration/Info.plist";
				LD_RUNPATH_SEARCH_PATHS = (
					"$(inherited)",
					"@executable_path/Frameworks",
				);
				PRODUCT_BUNDLE_IDENTIFIER = com.kunal.DeliveryApp;
				PRODUCT_NAME = "$(TARGET_NAME)";
				SWIFT_VERSION = 5.0;
				TARGETED_DEVICE_FAMILY = 1;
			};
			name = Release;
		};
		0C2637A9228AC514001505AA /* Debug */ = {
			isa = XCBuildConfiguration;
			baseConfigurationReference = DDACBC26F2A98E764897F893 /* Pods-DeliveryAppTests.debug.xcconfig */;
			buildSettings = {
				ALWAYS_EMBED_SWIFT_STANDARD_LIBRARIES = YES;
				BUNDLE_LOADER = "$(TEST_HOST)";
				CODE_SIGN_STYLE = Automatic;
				INFOPLIST_FILE = DeliveryAppTests/Configuration/Info.plist;
				LD_RUNPATH_SEARCH_PATHS = (
					"$(inherited)",
					"@executable_path/Frameworks",
					"@loader_path/Frameworks",
				);
				PRODUCT_BUNDLE_IDENTIFIER = com.kunal.DeliveryAppTests;
				PRODUCT_NAME = "$(TARGET_NAME)";
				SWIFT_VERSION = 5.0;
				TARGETED_DEVICE_FAMILY = "1,2";
				TEST_HOST = "$(BUILT_PRODUCTS_DIR)/DeliveryApp.app/DeliveryApp";
			};
			name = Debug;
		};
		0C2637AA228AC514001505AA /* Release */ = {
			isa = XCBuildConfiguration;
			baseConfigurationReference = F7588705A8F7054D62586CE5 /* Pods-DeliveryAppTests.release.xcconfig */;
			buildSettings = {
				ALWAYS_EMBED_SWIFT_STANDARD_LIBRARIES = YES;
				BUNDLE_LOADER = "$(TEST_HOST)";
				CODE_SIGN_STYLE = Automatic;
				INFOPLIST_FILE = DeliveryAppTests/Configuration/Info.plist;
				LD_RUNPATH_SEARCH_PATHS = (
					"$(inherited)",
					"@executable_path/Frameworks",
					"@loader_path/Frameworks",
				);
				PRODUCT_BUNDLE_IDENTIFIER = com.kunal.DeliveryAppTests;
				PRODUCT_NAME = "$(TARGET_NAME)";
				SWIFT_VERSION = 5.0;
				TARGETED_DEVICE_FAMILY = "1,2";
				TEST_HOST = "$(BUILT_PRODUCTS_DIR)/DeliveryApp.app/DeliveryApp";
			};
			name = Release;
		};
/* End XCBuildConfiguration section */

/* Begin XCConfigurationList section */
		0C263780228AC513001505AA /* Build configuration list for PBXProject "DeliveryApp" */ = {
			isa = XCConfigurationList;
			buildConfigurations = (
				0C2637A3228AC514001505AA /* Debug */,
				0C2637A4228AC514001505AA /* Release */,
			);
			defaultConfigurationIsVisible = 0;
			defaultConfigurationName = Release;
		};
		0C2637A5228AC514001505AA /* Build configuration list for PBXNativeTarget "DeliveryApp" */ = {
			isa = XCConfigurationList;
			buildConfigurations = (
				0C2637A6228AC514001505AA /* Debug */,
				0C2637A7228AC514001505AA /* Release */,
			);
			defaultConfigurationIsVisible = 0;
			defaultConfigurationName = Release;
		};
		0C2637A8228AC514001505AA /* Build configuration list for PBXNativeTarget "DeliveryAppTests" */ = {
			isa = XCConfigurationList;
			buildConfigurations = (
				0C2637A9228AC514001505AA /* Debug */,
				0C2637AA228AC514001505AA /* Release */,
			);
			defaultConfigurationIsVisible = 0;
			defaultConfigurationName = Release;
		};
/* End XCConfigurationList section */

/* Begin XCVersionGroup section */
		0C26378F228AC513001505AA /* DeliveryApp.xcdatamodeld */ = {
			isa = XCVersionGroup;
			children = (
				0C263790228AC513001505AA /* DeliveryApp.xcdatamodel */,
			);
			currentVersion = 0C263790228AC513001505AA /* DeliveryApp.xcdatamodel */;
			path = DeliveryApp.xcdatamodeld;
			sourceTree = "<group>";
			versionGroupType = wrapper.xcdatamodel;
		};
/* End XCVersionGroup section */
	};
	rootObject = 0C26377D228AC513001505AA /* Project object */;
}
